
Microsoft Visual Studio Solution File, Format Version 12.00
# Visual Studio Version 17
VisualStudioVersion = 17.7.34221.43
MinimumVisualStudioVersion = 10.0.40219.1
Project("{FAE04EC0-301F-11D3-BF4B-00C04F79EFBC}") = "ConAppAssignment17-21st(Nov) 1", "ConAppAssignment17-21st(Nov) 1\ConAppAssignment17-21st(Nov) 1.csproj", "{13926B38-DD19-44F6-B12E-59E549CCB13F}"
EndProject
Global
	GlobalSection(SolutionConfigurationPlatforms) = preSolution
		Debug|Any CPU = Debug|Any CPU
		Release|Any CPU = Release|Any CPU
	EndGlobalSection
	GlobalSection(ProjectConfigurationPlatforms) = postSolution
		{13926B38-DD19-44F6-B12E-59E549CCB13F}.Debug|Any CPU.ActiveCfg = Debug|Any CPU
		{13926B38-DD19-44F6-B12E-59E549CCB13F}.Debug|Any CPU.Build.0 = Debug|Any CPU
		{13926B38-DD19-44F6-B12E-59E549CCB13F}.Release|Any CPU.ActiveCfg = Release|Any CPU
		{13926B38-DD19-44F6-B12E-59E549CCB13F}.Release|Any CPU.Build.0 = Release|Any CPU
	EndGlobalSection
	GlobalSection(SolutionProperties) = preSolution
		HideSolutionNode = FALSE
	EndGlobalSection
	GlobalSection(ExtensibilityGlobals) = postSolution
		SolutionGuid = {C0B49EC8-51EB-40E7-A3FE-876E4CC1CE3F}
	EndGlobalSection
EndGlobal
